<?xml version="1.0" encoding="UTF-8"?>
<CONFIG>
  <ProjectOptions>
    <Version Value="10"/>
    <PathDelim Value="\"/>
    <General>
      <SessionStorage Value="InProjectDir"/>
      <MainUnit Value="0"/>
      <Title Value="SimSEE"/>
      <UseXPManifest Value="True"/>
      <XPManifest>
        <DpiAware Value="True"/>
      </XPManifest>
      <Icon Value="0"/>
    </General>
    <LazDoc Paths="..\..\docs\source_doc"/>
    <i18n>
      <EnableI18N Value="True"/>
      <OutDir Value="languages"/>
    </i18n>
    <VersionInfo>
      <UseVersionInfo Value="True"/>
      <AutoIncrementBuild Value="True"/>
      <MajorVersionNr Value="1"/>
      <MinorVersionNr Value="1"/>
      <RevisionNr Value="1"/>
      <BuildNr Value="103"/>
      <Language Value="040A"/>
      <StringTable LegalTrademarks="GNU" ProductName="SimSSEE - Simulador"/>
    </VersionInfo>
    <BuildModes Count="2">
      <Item1 Name="Debug" Default="True"/>
      <Item2 Name="Release">
        <CompilerOptions>
          <Version Value="11"/>
          <PathDelim Value="\"/>
          <Target>
            <Filename Value="$(SimSEE)\bin\SimSEESimulador"/>
          </Target>
          <SearchPaths>
            <IncludeFiles Value="$(ProjOutDir)"/>
            <OtherUnitFiles Value="..\..\rchlib\mat;..\..\fc\base;..\..\fc\monitores;..\..\fc\actores;..\..\rchlib\trazosxy;..\flucar;..\..\rchlib\utilitarios;..\..\fc\simres;..\..\fc\PA10;..\..\rchlib\mat\pso;..\..\rchlib\dsp\dsp\random;..\..\synapse;..\..\fc;..\..\fc\excel;..\..\alglib\src;..\..\rchlib\neuronales"/>
            <UnitOutputDirectory Value="$(SimSEE)\ppus\SimSEESimulador"/>
          </SearchPaths>
          <Conditionals Value="if SrcOS='win' then
   SimSEE := 'c:\SimSEE'
else
   SimSEE := GetEnv('HOME')+'/SimSEE';"/>
          <Parsing>
            <SyntaxOptions>
              <SyntaxMode Value="Delphi"/>
              <CStyleOperator Value="False"/>
              <UseAnsiStrings Value="False"/>
            </SyntaxOptions>
          </Parsing>
          <CodeGeneration>
            <SmartLinkUnit Value="True"/>
            <Optimizations>
              <OptimizationLevel Value="3"/>
            </Optimizations>
          </CodeGeneration>
          <Linking>
            <Debugging>
              <GenerateDebugInfo Value="False"/>
              <UseLineInfoUnit Value="False"/>
              <StripSymbols Value="True"/>
              <UseExternalDbgSyms Value="True"/>
            </Debugging>
            <LinkSmart Value="True"/>
          </Linking>
          <Other>
            <CustomOptions Value="-dCALC_DEMANDA_NETA
-dCOSTOSHIDROPOSITIVOS
-dPDE_RIESGO
-dMONITORES
-dMODOGRAFICO
-dNO_INTERPOLA_SUBMUESTREOS
-dARCO_GEMELOS"/>
            <CreateMakefileOnBuild Value="True"/>
          </Other>
        </CompilerOptions>
      </Item2>
    </BuildModes>
    <PublishOptions>
      <Version Value="2"/>
      <IgnoreBinaries Value="False"/>
      <IncludeFileFilter Value="*.(pas|pp|inc|lfm|lpr|lrs|lpi|lpk|sh|xml)"/>
      <ExcludeFileFilter Value="*.(bak|ppu|ppw|o|so);*~;backup"/>
    </PublishOptions>
    <RunParams>
      <local>
        <FormatVersion Value="1"/>
      </local>
    </RunParams>
    <RequiredPackages Count="2">
      <Item1>
        <PackageName Value="LCL"/>
        <MinVersion Major="1" Valid="True"/>
      </Item1>
      <Item2>
        <PackageName Value="TurboPowerIPro"/>
        <MinVersion Major="1" Valid="True"/>
      </Item2>
    </RequiredPackages>
    <Units Count="91">
      <Unit0>
        <Filename Value="SimSEESimulador.lpr"/>
        <IsPartOfProject Value="True"/>
      </Unit0>
      <Unit1>
        <Filename Value="uSimSEE.pas"/>
        <IsPartOfProject Value="True"/>
        <ComponentName Value="fSimSEE"/>
        <HasResources Value="True"/>
        <ResourceBaseClass Value="Form"/>
      </Unit1>
      <Unit2>
        <Filename Value="..\..\fc\base\uglobs.pas"/>
        <IsPartOfProject Value="True"/>
      </Unit2>
      <Unit3>
        <Filename Value="..\..\rchlib\mat\uproblema.pas"/>
        <IsPartOfProject Value="True"/>
      </Unit3>
      <Unit4>
        <Filename Value="..\..\rchlib\mat\uresfxgx.pas"/>
        <IsPartOfProject Value="True"/>
      </Unit4>
      <Unit5>
        <Filename Value="..\..\fc\base\uversiones.pas"/>
        <IsPartOfProject Value="True"/>
      </Unit5>
      <Unit6>
        <Filename Value="..\..\fc\base\uFuenteSintetizador.pas"/>
        <IsPartOfProject Value="True"/>
      </Unit6>
      <Unit7>
        <Filename Value="..\..\fc\actores\uusogestionable_postizado.pas"/>
        <IsPartOfProject Value="True"/>
      </Unit7>
      <Unit8>
        <Filename Value="..\..\fc\base\ucosaconnombre.pas"/>
        <IsPartOfProject Value="True"/>
        <UnitName Value="uCosaConNombre"/>
      </Unit8>
      <Unit9>
        <Filename Value="..\..\fc\base\ucosaparticipedemercado.pas"/>
        <IsPartOfProject Value="True"/>
      </Unit9>
      <Unit10>
        <Filename Value="..\..\fc\actores\uActorNodal.pas"/>
        <IsPartOfProject Value="True"/>
      </Unit10>
      <Unit11>
        <Filename Value="..\..\fc\base\usalasdejuego.pas"/>
        <IsPartOfProject Value="True"/>
      </Unit11>
      <Unit12>
        <Filename Value="..\..\fc\actores\uactores.pas"/>
        <IsPartOfProject Value="True"/>
        <UnitName Value="uActores"/>
      </Unit12>
      <Unit13>
        <Filename Value="..\..\fc\base\ucosa.pas"/>
        <IsPartOfProject Value="True"/>
      </Unit13>
      <Unit14>
        <Filename Value="..\..\fc\actores\uHidroConEmbalse.pas"/>
        <IsPartOfProject Value="True"/>
      </Unit14>
      <Unit15>
        <Filename Value="..\..\fc\actores\uMercadoSpot_postizado.pas"/>
        <IsPartOfProject Value="True"/>
      </Unit15>
      <Unit16>
        <Filename Value="..\..\fc\base\uEstados.pas"/>
        <IsPartOfProject Value="True"/>
      </Unit16>
      <Unit17>
        <Filename Value="..\..\fc\base\uodt_types.pas"/>
        <IsPartOfProject Value="True"/>
      </Unit17>
      <Unit18>
        <Filename Value="..\..\rchlib\mat\xmatdefs.pas"/>
        <IsPartOfProject Value="True"/>
      </Unit18>
      <Unit19>
        <Filename Value="..\..\rchlib\mat\matreal.pas"/>
        <IsPartOfProject Value="True"/>
      </Unit19>
      <Unit20>
        <Filename Value="..\..\fc\base\ufechas.pas"/>
        <IsPartOfProject Value="True"/>
      </Unit20>
      <Unit21>
        <Filename Value="..\..\fc\base\uFuentesAleatorias.pas"/>
        <IsPartOfProject Value="True"/>
      </Unit21>
      <Unit22>
        <Filename Value="..\..\fc\base\ufuenteselector_horario.pas"/>
        <IsPartOfProject Value="True"/>
      </Unit22>
      <Unit23>
        <Filename Value="..\..\fc\base\uInicioYFinal.pas"/>
        <IsPartOfProject Value="True"/>
      </Unit23>
      <Unit24>
        <Filename Value="..\..\fc\base\ucalibrarconopronosticos.pas"/>
        <IsPartOfProject Value="True"/>
      </Unit24>
      <Unit25>
        <Filename Value="..\..\fc\base\uforzamientos.pas"/>
        <IsPartOfProject Value="True"/>
      </Unit25>
      <Unit26>
        <Filename Value="..\..\fc\base\ucontroladordeterminista.pas"/>
        <IsPartOfProject Value="True"/>
      </Unit26>
      <Unit27>
        <Filename Value="..\..\rchlib\mat\algebrac.pas"/>
        <IsPartOfProject Value="True"/>
      </Unit27>
      <Unit28>
        <Filename Value="..\..\fc\actores\ugter_basico.pas"/>
        <IsPartOfProject Value="True"/>
      </Unit28>
      <Unit29>
        <Filename Value="..\..\rchlib\mat\pso\particulas.pas"/>
        <IsPartOfProject Value="True"/>
      </Unit29>
      <Unit30>
        <Filename Value="..\..\rchlib\dsp\dsp\random\uniform.pas"/>
        <IsPartOfProject Value="True"/>
      </Unit30>
      <Unit31>
        <Filename Value="..\..\fc\actores\usolartermico.pas"/>
        <IsPartOfProject Value="True"/>
      </Unit31>
      <Unit32>
        <Filename Value="..\..\fc\base\umh_distribuidor_optsim.pas"/>
        <IsPartOfProject Value="True"/>
      </Unit32>
      <Unit33>
        <Filename Value="..\..\fc\base\umh_sincrodata.pas"/>
        <IsPartOfProject Value="True"/>
      </Unit33>
      <Unit34>
        <Filename Value="..\..\fc\actores\uHidroConEmbalseBinacional.pas"/>
        <IsPartOfProject Value="True"/>
      </Unit34>
      <Unit35>
        <Filename Value="..\..\fc\base\umodelosintcegh.pas"/>
        <IsPartOfProject Value="True"/>
      </Unit35>
      <Unit36>
        <Filename Value="..\..\fc\base\umatriz_ruida.pas"/>
        <IsPartOfProject Value="True"/>
      </Unit36>
      <Unit37>
        <Filename Value="..\..\fc\actores\uParqueEolico_vxy.pas"/>
        <IsPartOfProject Value="True"/>
      </Unit37>
      <Unit38>
        <Filename Value="..\..\fc\actores\ugter_basico_trep.pas"/>
        <IsPartOfProject Value="True"/>
      </Unit38>
      <Unit39>
        <Filename Value="..\..\fc\base\umh_worker_sim.pas"/>
        <IsPartOfProject Value="True"/>
      </Unit39>
      <Unit40>
        <Filename Value="..\..\fc\base\uacumuladores_sim.pas"/>
        <IsPartOfProject Value="True"/>
      </Unit40>
      <Unit41>
        <Filename Value="..\..\fc\actores\ugter_onoffporpaso.pas"/>
        <IsPartOfProject Value="True"/>
      </Unit41>
      <Unit42>
        <Filename Value="..\..\rchlib\mat\fddp.pas"/>
        <IsPartOfProject Value="True"/>
      </Unit42>
      <Unit43>
        <Filename Value="..\..\fc\base\udatoshorariosdetallados.pas"/>
        <IsPartOfProject Value="True"/>
      </Unit43>
      <Unit44>
        <Filename Value="..\..\rchlib\mat\umadresuniformes.pas"/>
        <IsPartOfProject Value="True"/>
      </Unit44>
      <Unit45>
        <Filename Value="..\..\rchlib\mat\udisnormcan.pas"/>
        <IsPartOfProject Value="True"/>
      </Unit45>
      <Unit46>
        <Filename Value="..\..\fc\base\urobothttppost.pas"/>
        <IsPartOfProject Value="True"/>
      </Unit46>
      <Unit47>
        <Filename Value="..\..\synapse\httpsend.pas"/>
        <IsPartOfProject Value="True"/>
      </Unit47>
      <Unit48>
        <Filename Value="..\..\fc\actores\usolarpv.pas"/>
        <IsPartOfProject Value="True"/>
      </Unit48>
      <Unit49>
        <Filename Value="..\..\fc\base\uFuncionesReales.pas"/>
        <IsPartOfProject Value="True"/>
      </Unit49>
      <Unit50>
        <Filename Value="..\..\fc\actores\ubiomasaembalsable.pas"/>
        <IsPartOfProject Value="True"/>
      </Unit50>
      <Unit51>
        <Filename Value="..\..\fc\actores\ugter_basico_PyCVariable.pas"/>
        <IsPartOfProject Value="True"/>
      </Unit51>
      <Unit52>
        <Filename Value="..\..\fc\actores\ugsimple_monocombustible.pas"/>
        <IsPartOfProject Value="True"/>
      </Unit52>
      <Unit53>
        <Filename Value="..\..\fc\excel\uExcelFile.pas"/>
        <IsPartOfProject Value="True"/>
      </Unit53>
      <Unit54>
        <Filename Value="..\..\fc\actores\uregasificadora.pas"/>
        <IsPartOfProject Value="True"/>
      </Unit54>
      <Unit55>
        <Filename Value="..\..\fc\actores\uagendagnl.pas"/>
        <IsPartOfProject Value="True"/>
        <UnitName Value="uAgendaGNL"/>
      </Unit55>
      <Unit56>
        <Filename Value="..\..\fc\actores\utsumcomb.pas"/>
        <IsPartOfProject Value="True"/>
        <UnitName Value="uTSumComb"/>
      </Unit56>
      <Unit57>
        <Filename Value="..\..\fc\actores\ugter_arranqueparada.pas"/>
        <IsPartOfProject Value="True"/>
      </Unit57>
      <Unit58>
        <Filename Value="..\..\fc\actores\uDemandas.pas"/>
        <IsPartOfProject Value="True"/>
      </Unit58>
      <Unit59>
        <Filename Value="..\..\fc\actores\uParqueEolico.pas"/>
        <IsPartOfProject Value="True"/>
      </Unit59>
      <Unit60>
        <Filename Value="..\..\fc\actores\uGeneradores.pas"/>
        <IsPartOfProject Value="True"/>
      </Unit60>
      <Unit61>
        <Filename Value="..\..\fc\actores\ugter_combinado.pas"/>
        <IsPartOfProject Value="True"/>
      </Unit61>
      <Unit62>
        <Filename Value="..\..\rchlib\mat\umipsimplex_mejorcamino.pas"/>
        <IsPartOfProject Value="True"/>
      </Unit62>
      <Unit63>
        <Filename Value="..\..\fc\base\uparametros.pas"/>
        <IsPartOfProject Value="True"/>
      </Unit63>
      <Unit64>
        <Filename Value="..\..\fc\actores\udemandacombustible.pas"/>
        <IsPartOfProject Value="True"/>
        <UnitName Value="udemandaCombustible"/>
      </Unit64>
      <Unit65>
        <Filename Value="..\..\fc\actores\uDemandaAnioBaseEIndices.pas"/>
        <IsPartOfProject Value="True"/>
      </Unit65>
      <Unit66>
        <Filename Value="..\..\fc\base\ufichaslpd.pas"/>
        <IsPartOfProject Value="True"/>
        <UnitName Value="ufichasLPD"/>
      </Unit66>
      <Unit67>
        <Filename Value="..\..\fc\actores\unodocombustible.pas"/>
        <IsPartOfProject Value="True"/>
      </Unit67>
      <Unit68>
        <Filename Value="..\..\fc\actores\ucombustible.pas"/>
        <IsPartOfProject Value="True"/>
        <UnitName Value="uCombustible"/>
      </Unit68>
      <Unit69>
        <Filename Value="..\..\fc\actores\udemandacombustibleaniobaseeindices.pas"/>
        <IsPartOfProject Value="True"/>
        <UnitName Value="udemandaCombustibleAnioBaseEIndices"/>
      </Unit69>
      <Unit70>
        <Filename Value="..\..\fc\actores\uActorNodalCombustible.pas"/>
        <IsPartOfProject Value="True"/>
      </Unit70>
      <Unit71>
        <Filename Value="..\..\fc\actores\uarcocombustible.pas"/>
        <IsPartOfProject Value="True"/>
        <UnitName Value="uArcoCombustible"/>
      </Unit71>
      <Unit72>
        <Filename Value="..\..\fc\actores\uArcos.pas"/>
        <IsPartOfProject Value="True"/>
      </Unit72>
      <Unit73>
        <Filename Value="..\..\fc\actores\ubancodebaterias01.pas"/>
        <IsPartOfProject Value="True"/>
      </Unit73>
      <Unit74>
        <Filename Value="..\..\fc\actores\uHidroConBombeo.pas"/>
        <IsPartOfProject Value="True"/>
      </Unit74>
      <Unit75>
        <Filename Value="..\..\rchlib\mat\usimplex.pas"/>
        <IsPartOfProject Value="True"/>
      </Unit75>
      <Unit76>
        <Filename Value="..\..\fc\base\uauxiliares.pas"/>
        <IsPartOfProject Value="True"/>
      </Unit76>
      <Unit77>
        <Filename Value="..\..\fc\actores\uHidroDePasada.pas"/>
        <IsPartOfProject Value="True"/>
      </Unit77>
      <Unit78>
        <Filename Value="..\..\fc\base\uversion_architexto.pas"/>
        <IsPartOfProject Value="True"/>
      </Unit78>
      <Unit79>
        <Filename Value="..\..\alglib\src\ap.pas"/>
        <IsPartOfProject Value="True"/>
      </Unit79>
      <Unit80>
        <Filename Value="..\..\fc\simres\uSustituirVariablesPlantilla.pas"/>
        <IsPartOfProject Value="True"/>
      </Unit80>
      <Unit81>
        <Filename Value="..\..\fc\actores\ugsimple_bicombustible.pas"/>
        <IsPartOfProject Value="True"/>
      </Unit81>
      <Unit82>
        <Filename Value="..\..\fc\base\upronostico.pas"/>
        <IsPartOfProject Value="True"/>
      </Unit82>
      <Unit83>
        <Filename Value="..\..\fc\base\uEsclavizadorSubMuestreado.pas"/>
        <IsPartOfProject Value="True"/>
      </Unit83>
      <Unit84>
        <Filename Value="..\..\fc\base\uEsclavizadorSobreMuestreado.pas"/>
        <IsPartOfProject Value="True"/>
      </Unit84>
      <Unit85>
        <Filename Value="..\..\fc\actores\udemandadetallada.pas"/>
        <IsPartOfProject Value="True"/>
      </Unit85>
      <Unit86>
        <Filename Value="..\..\fc\actores\udemandas01.pas"/>
        <IsPartOfProject Value="True"/>
      </Unit86>
      <Unit87>
        <Filename Value="..\..\fc\base\uestados_aproximador_cf01.pas"/>
        <IsPartOfProject Value="True"/>
      </Unit87>
      <Unit88>
        <Filename Value="..\..\rchlib\neuronales\uneuronas.pas"/>
        <IsPartOfProject Value="True"/>
      </Unit88>
      <Unit89>
        <Filename Value="..\..\fc\base\uFuenteConstante.pas"/>
        <IsPartOfProject Value="True"/>
      </Unit89>
      <Unit90>
        <Filename Value="..\..\fc\base\uunidades.pas"/>
        <IsPartOfProject Value="True"/>
      </Unit90>
    </Units>
  </ProjectOptions>
  <CompilerOptions>
    <Version Value="11"/>
    <PathDelim Value="\"/>
    <Target>
      <Filename Value="$(SimSEE)\bin\SimSEESimulador_x"/>
    </Target>
    <SearchPaths>
      <IncludeFiles Value="$(ProjOutDir)"/>
      <OtherUnitFiles Value="..\..\fc\base;..\..\fc\monitores;..\..\fc\actores;..\..\rchlib\trazosxy;..\flucar;..\..\rchlib\utilitarios;..\..\fc\simres;..\..\fc\PA10;..\..\rchlib\mat;..\..\rchlib\dsp\dsp\random;..\..\rchlib\mat\pso;..\..\synapse;..\..\fc\excel;..\..\alglib\src;..\..\rchlib\neuronales"/>
      <UnitOutputDirectory Value="$(SimSEE)\ppus\SimSEESimulador"/>
    </SearchPaths>
    <Conditionals Value="// example for adding linker options on Mac OS X
//if TargetOS='darwin' then
//  LinkerOptions := ' -framework OpenGL';

// example for adding a unit and include path on Windows
//if SrcOS='win' then begin
//  UnitPath += ';win';
//  IncPath += ';win';
//end;

if SrcOS='win' then
   SimSEE := 'c:\SimSEE'
else
   SimSEE := GetEnv('HOME')+'/SimSEE';"/>
    <Parsing>
      <SyntaxOptions>
        <SyntaxMode Value="Delphi"/>
        <CStyleOperator Value="False"/>
        <IncludeAssertionCode Value="True"/>
        <CPPInline Value="False"/>
        <UseAnsiStrings Value="False"/>
      </SyntaxOptions>
    </Parsing>
    <CodeGeneration>
      <SmartLinkUnit Value="True"/>
      <Checks>
        <IOChecks Value="True"/>
        <RangeChecks Value="True"/>
        <OverflowChecks Value="True"/>
        <StackChecks Value="True"/>
      </Checks>
      <Optimizations>
        <OptimizationLevel Value="0"/>
      </Optimizations>
    </CodeGeneration>
    <Linking>
      <Debugging>
        <UseValgrind Value="True"/>
        <UseExternalDbgSyms Value="True"/>
      </Debugging>
    </Linking>
    <Other>
      <CompilerMessages>
        <IgnoredMessages idx4081="True"/>
      </CompilerMessages>
      <CustomOptions Value="-dCALC_DEMANDA_NETA
-dCOSTOSHIDROPOSITIVOS
-dPDE_RIESGO
-dMONITORES
-dMODOGRAFICO
-dxDEBUG_MULTI_HILO
-dxDBG_HIDRO_CON_EMBALSE
-dxMicho
-dxopt_Dump_PubliVars
-dxGLOBS_LOG
-dxRESUMEN_POSTIZADO
-dNO_INTERPOLA_SUBMUESTREOS
-dARCO_GEMELOS"/>
      <CreateMakefileOnBuild Value="True"/>
    </Other>
  </CompilerOptions>
</CONFIG>
